
Microsoft Visual Studio Solution File, Format Version 12.00
# Visual Studio Version 17
VisualStudioVersion = 17.4.33213.308
MinimumVisualStudioVersion = 10.0.40219.1
Project("{FAE04EC0-301F-11D3-BF4B-00C04F79EFBC}") = "testy-lab5", "testy-lab5.csproj", "{20D63A42-1EFC-4965-896B-B7C1926DF376}"
EndProject
Project("{FAE04EC0-301F-11D3-BF4B-00C04F79EFBC}") = "testProject", "..\testProject\testProject.csproj", "{A607C40F-EEB6-4F4E-9481-F02D711DAAA9}"
EndProject
Global
	GlobalSection(SolutionConfigurationPlatforms) = preSolution
		Debug|Any CPU = Debug|Any CPU
		Release|Any CPU = Release|Any CPU
	EndGlobalSection
	GlobalSection(ProjectConfigurationPlatforms) = postSolution
		{20D63A42-1EFC-4965-896B-B7C1926DF376}.Debug|Any CPU.ActiveCfg = Debug|Any CPU
		{20D63A42-1EFC-4965-896B-B7C1926DF376}.Debug|Any CPU.Build.0 = Debug|Any CPU
		{20D63A42-1EFC-4965-896B-B7C1926DF376}.Release|Any CPU.ActiveCfg = Release|Any CPU
		{20D63A42-1EFC-4965-896B-B7C1926DF376}.Release|Any CPU.Build.0 = Release|Any CPU
		{A607C40F-EEB6-4F4E-9481-F02D711DAAA9}.Debug|Any CPU.ActiveCfg = Debug|Any CPU
		{A607C40F-EEB6-4F4E-9481-F02D711DAAA9}.Debug|Any CPU.Build.0 = Debug|Any CPU
		{A607C40F-EEB6-4F4E-9481-F02D711DAAA9}.Release|Any CPU.ActiveCfg = Release|Any CPU
		{A607C40F-EEB6-4F4E-9481-F02D711DAAA9}.Release|Any CPU.Build.0 = Release|Any CPU
	EndGlobalSection
	GlobalSection(SolutionProperties) = preSolution
		HideSolutionNode = FALSE
	EndGlobalSection
	GlobalSection(ExtensibilityGlobals) = postSolution
		SolutionGuid = {C5E45F70-FEEC-45BE-B054-115520F25979}
	EndGlobalSection
EndGlobal
